# This file is automatically @generated by Cargo.
# It is not intended for manual editing.
version = 4

[[package]]
name = "cat-client"
version = "0.1.0"

[[package]]
name = "cat-desktop"
version = "0.1.0"

[[package]]
name = "cat-protocol"
version = "0.1.0"

[[package]]
name = "cat-server"
version = "0.1.0"

[[package]]
name = "cat-sim"
version = "0.1.0"

[[package]]
name = "cat-web"
version = "0.1.0"
